
Microsoft Visual Studio Solution File, Format Version 12.00
# Visual Studio Version 16
VisualStudioVersion = 16.0.30611.23
MinimumVisualStudioVersion = 10.0.40219.1
Project("{8BC9CEB8-8B4A-11D0-8D11-00A0C91BC942}") = "ClientTCP", "ClientTCP\ClientTCP.vcxproj", "{222D506F-44FD-4A94-BF5F-901DF41015EA}"
EndProject
Global
	GlobalSection(SolutionConfigurationPlatforms) = preSolution
		Debug|x64 = Debug|x64
		Debug|x86 = Debug|x86
		Release|x64 = Release|x64
		Release|x86 = Release|x86
	EndGlobalSection
	GlobalSection(ProjectConfigurationPlatforms) = postSolution
		{222D506F-44FD-4A94-BF5F-901DF41015EA}.Debug|x64.ActiveCfg = Debug|x64
		{222D506F-44FD-4A94-BF5F-901DF41015EA}.Debug|x64.Build.0 = Debug|x64
		{222D506F-44FD-4A94-BF5F-901DF41015EA}.Debug|x86.ActiveCfg = Debug|Win32
		{222D506F-44FD-4A94-BF5F-901DF41015EA}.Debug|x86.Build.0 = Debug|Win32
		{222D506F-44FD-4A94-BF5F-901DF41015EA}.Release|x64.ActiveCfg = Release|x64
		{222D506F-44FD-4A94-BF5F-901DF41015EA}.Release|x64.Build.0 = Release|x64
		{222D506F-44FD-4A94-BF5F-901DF41015EA}.Release|x86.ActiveCfg = Release|Win32
		{222D506F-44FD-4A94-BF5F-901DF41015EA}.Release|x86.Build.0 = Release|Win32
	EndGlobalSection
	GlobalSection(SolutionProperties) = preSolution
		HideSolutionNode = FALSE
	EndGlobalSection
	GlobalSection(ExtensibilityGlobals) = postSolution
		SolutionGuid = {E368AFFB-D830-4D0F-8085-4555AC358AEA}
	EndGlobalSection
EndGlobal
